
Microsoft Visual Studio Solution File, Format Version 12.00
# Visual Studio Version 17
VisualStudioVersion = 17.6.33815.320
MinimumVisualStudioVersion = 10.0.40219.1
Project("{FAE04EC0-301F-11D3-BF4B-00C04F79EFBC}") = "Demo_File", "Demo_File.csproj", "{83B148A8-2093-4F3B-B0BD-9A31F0DB4A62}"
EndProject
Global
	GlobalSection(SolutionConfigurationPlatforms) = preSolution
		Debug|Any CPU = Debug|Any CPU
		Release|Any CPU = Release|Any CPU
	EndGlobalSection
	GlobalSection(ProjectConfigurationPlatforms) = postSolution
		{83B148A8-2093-4F3B-B0BD-9A31F0DB4A62}.Debug|Any CPU.ActiveCfg = Debug|Any CPU
		{83B148A8-2093-4F3B-B0BD-9A31F0DB4A62}.Debug|Any CPU.Build.0 = Debug|Any CPU
		{83B148A8-2093-4F3B-B0BD-9A31F0DB4A62}.Release|Any CPU.ActiveCfg = Release|Any CPU
		{83B148A8-2093-4F3B-B0BD-9A31F0DB4A62}.Release|Any CPU.Build.0 = Release|Any CPU
	EndGlobalSection
	GlobalSection(SolutionProperties) = preSolution
		HideSolutionNode = FALSE
	EndGlobalSection
	GlobalSection(ExtensibilityGlobals) = postSolution
		SolutionGuid = {0B74936C-41FE-401D-B7B0-A0FAC0BC83DE}
	EndGlobalSection
EndGlobal
